
Microsoft Visual Studio Solution File, Format Version 12.00
Project("{FAE04EC0-301F-11D3-BF4B-00C04F79EFBC}") = "ConsoleApp2", "ConsoleApp2\ConsoleApp2.csproj", "{30E42121-F29E-496A-A819-B154B3C5AAD5}"
EndProject
Project("{FAE04EC0-301F-11D3-BF4B-00C04F79EFBC}") = "ClassLibrary1", "ClassLibrary1\ClassLibrary1.csproj", "{13BF8DBE-0090-4757-9189-23C75630B447}"
EndProject
Global
	GlobalSection(SolutionConfigurationPlatforms) = preSolution
		Debug|Any CPU = Debug|Any CPU
		Release|Any CPU = Release|Any CPU
	EndGlobalSection
	GlobalSection(ProjectConfigurationPlatforms) = postSolution
		{30E42121-F29E-496A-A819-B154B3C5AAD5}.Debug|Any CPU.ActiveCfg = Debug|Any CPU
		{30E42121-F29E-496A-A819-B154B3C5AAD5}.Debug|Any CPU.Build.0 = Debug|Any CPU
		{30E42121-F29E-496A-A819-B154B3C5AAD5}.Release|Any CPU.ActiveCfg = Release|Any CPU
		{30E42121-F29E-496A-A819-B154B3C5AAD5}.Release|Any CPU.Build.0 = Release|Any CPU
		{13BF8DBE-0090-4757-9189-23C75630B447}.Debug|Any CPU.ActiveCfg = Debug|Any CPU
		{13BF8DBE-0090-4757-9189-23C75630B447}.Debug|Any CPU.Build.0 = Debug|Any CPU
		{13BF8DBE-0090-4757-9189-23C75630B447}.Release|Any CPU.ActiveCfg = Release|Any CPU
		{13BF8DBE-0090-4757-9189-23C75630B447}.Release|Any CPU.Build.0 = Release|Any CPU
	EndGlobalSection
EndGlobal
