
Microsoft Visual Studio Solution File, Format Version 12.00
# Visual Studio Version 17
VisualStudioVersion = 17.8.34309.116
MinimumVisualStudioVersion = 10.0.40219.1
Project("{FAE04EC0-301F-11D3-BF4B-00C04F79EFBC}") = "Lab_06", "Lab_06\Lab_06.csproj", "{0542033C-86EF-4FB6-A557-530686BA43BD}"
EndProject
Global
	GlobalSection(SolutionConfigurationPlatforms) = preSolution
		Debug|Any CPU = Debug|Any CPU
		Release|Any CPU = Release|Any CPU
	EndGlobalSection
	GlobalSection(ProjectConfigurationPlatforms) = postSolution
		{0542033C-86EF-4FB6-A557-530686BA43BD}.Debug|Any CPU.ActiveCfg = Debug|Any CPU
		{0542033C-86EF-4FB6-A557-530686BA43BD}.Debug|Any CPU.Build.0 = Debug|Any CPU
		{0542033C-86EF-4FB6-A557-530686BA43BD}.Release|Any CPU.ActiveCfg = Release|Any CPU
		{0542033C-86EF-4FB6-A557-530686BA43BD}.Release|Any CPU.Build.0 = Release|Any CPU
	EndGlobalSection
	GlobalSection(SolutionProperties) = preSolution
		HideSolutionNode = FALSE
	EndGlobalSection
	GlobalSection(ExtensibilityGlobals) = postSolution
		SolutionGuid = {7EC7F9D1-E2CE-4E36-9BE0-AFB38156B239}
	EndGlobalSection
EndGlobal
