
Microsoft Visual Studio Solution File, Format Version 12.00
# Visual Studio Version 17
VisualStudioVersion = 17.7.34202.233
MinimumVisualStudioVersion = 10.0.40219.1
Project("{FAE04EC0-301F-11D3-BF4B-00C04F79EFBC}") = "Tests", "Tests\Tests.csproj", "{F3BA46D8-10CA-40FF-966C-A60508B11FC1}"
EndProject
Global
	GlobalSection(SolutionConfigurationPlatforms) = preSolution
		Debug|Any CPU = Debug|Any CPU
		Release|Any CPU = Release|Any CPU
	EndGlobalSection
	GlobalSection(ProjectConfigurationPlatforms) = postSolution
		{F3BA46D8-10CA-40FF-966C-A60508B11FC1}.Debug|Any CPU.ActiveCfg = Debug|Any CPU
		{F3BA46D8-10CA-40FF-966C-A60508B11FC1}.Debug|Any CPU.Build.0 = Debug|Any CPU
		{F3BA46D8-10CA-40FF-966C-A60508B11FC1}.Release|Any CPU.ActiveCfg = Release|Any CPU
		{F3BA46D8-10CA-40FF-966C-A60508B11FC1}.Release|Any CPU.Build.0 = Release|Any CPU
	EndGlobalSection
	GlobalSection(SolutionProperties) = preSolution
		HideSolutionNode = FALSE
	EndGlobalSection
	GlobalSection(ExtensibilityGlobals) = postSolution
		SolutionGuid = {475E7400-FC23-41C7-8B1E-1FFE3BFCF620}
	EndGlobalSection
EndGlobal
